
Microsoft Visual Studio Solution File, Format Version 12.00
# Visual Studio Version 17
VisualStudioVersion = 17.11.35312.102
MinimumVisualStudioVersion = 10.0.40219.1
Project("{FAE04EC0-301F-11D3-BF4B-00C04F79EFBC}") = "ProductAPI", "ProductAPI\ProductAPI.csproj", "{10798BD6-ACD1-4B4F-8046-6201E2EB348E}"
EndProject
Global
	GlobalSection(SolutionConfigurationPlatforms) = preSolution
		Debug|Any CPU = Debug|Any CPU
		Release|Any CPU = Release|Any CPU
	EndGlobalSection
	GlobalSection(ProjectConfigurationPlatforms) = postSolution
		{10798BD6-ACD1-4B4F-8046-6201E2EB348E}.Debug|Any CPU.ActiveCfg = Debug|Any CPU
		{10798BD6-ACD1-4B4F-8046-6201E2EB348E}.Debug|Any CPU.Build.0 = Debug|Any CPU
		{10798BD6-ACD1-4B4F-8046-6201E2EB348E}.Release|Any CPU.ActiveCfg = Release|Any CPU
		{10798BD6-ACD1-4B4F-8046-6201E2EB348E}.Release|Any CPU.Build.0 = Release|Any CPU
	EndGlobalSection
	GlobalSection(SolutionProperties) = preSolution
		HideSolutionNode = FALSE
	EndGlobalSection
	GlobalSection(ExtensibilityGlobals) = postSolution
		SolutionGuid = {D789673B-E1FB-480F-AAAE-FC41C6390FF8}
	EndGlobalSection
EndGlobal
